<?xml version="1.0" encoding="utf-8"?>
<Project ToolsVersion="4.0" xmlns="http://schemas.microsoft.com/developer/msbuild/2003">
  <ItemGroup>
    <Manifest Include="MyNotePad.exe.manifest" />
  </ItemGroup>
  <ItemGroup>
    <ClCompile Include="AboutDialog.cpp" />
    <ClCompile Include="Dialog.cpp" />
    <ClCompile Include="Encoding.cpp" />
    <ClCompile Include="FileDialog.cpp" />
    <ClCompile Include="MyNotePad.cpp" />
    <ClCompile Include="Print.cpp" />
    <ClCompile Include="Registry.cpp" />
    <ClCompile Include="StatusBar.cpp" />
    <ClCompile Include="stdafx.cpp" />
    <ClCompile Include="Document.cpp" />
    <ClCompile Include="Utils.cpp" />
  </ItemGroup>
  <ItemGroup>
    <ClInclude Include="AboutDialog.h" />
    <ClInclude Include="Document.h" />
    <ClInclude Include="Encoding.h" />
    <ClInclude Include="FileDialog.h" />
    <ClInclude Include="MyNotePad.h" />
    <ClInclude Include="Print.h" />
    <ClInclude Include="Resource.h" />
    <ClInclude Include="StatusBar.h" />
    <ClInclude Include="stdafx.h" />
    <ClInclude Include="targetver.h" />
    <ClInclude Include="Dialog.h" />
    <ClInclude Include="Registry.h" />
    <ClInclude Include="Utils.h" />
  </ItemGroup>
  <ItemGroup>
    <ResourceCompile Include="MyNotePad.rc" />
  </ItemGroup>
  <ItemGroup>
    <Image Include="res\MyNotePad.ico" />
    <Image Include="res\MyNotePadSmall.ico" />
  </ItemGroup>
  <ItemGroup>
    <Text Include="ReadMe.txt" />
  </ItemGroup>
</Project>